
Microsoft Visual Studio Solution File, Format Version 12.00
# Visual Studio Version 16
VisualStudioVersion = 16.0.31205.134
MinimumVisualStudioVersion = 10.0.40219.1
Project("{FAE04EC0-301F-11D3-BF4B-00C04F79EFBC}") = "Data Variables - Arithmetic", "Data Variables - Arithmetic.csproj", "{807A5030-AF9C-46CF-8F6B-9D13D4387F37}"
EndProject
Global
	GlobalSection(SolutionConfigurationPlatforms) = preSolution
		Debug|Any CPU = Debug|Any CPU
		Release|Any CPU = Release|Any CPU
	EndGlobalSection
	GlobalSection(ProjectConfigurationPlatforms) = postSolution
		{807A5030-AF9C-46CF-8F6B-9D13D4387F37}.Debug|Any CPU.ActiveCfg = Debug|Any CPU
		{807A5030-AF9C-46CF-8F6B-9D13D4387F37}.Debug|Any CPU.Build.0 = Debug|Any CPU
		{807A5030-AF9C-46CF-8F6B-9D13D4387F37}.Release|Any CPU.ActiveCfg = Release|Any CPU
		{807A5030-AF9C-46CF-8F6B-9D13D4387F37}.Release|Any CPU.Build.0 = Release|Any CPU
	EndGlobalSection
	GlobalSection(SolutionProperties) = preSolution
		HideSolutionNode = FALSE
	EndGlobalSection
	GlobalSection(ExtensibilityGlobals) = postSolution
		SolutionGuid = {0518450A-98F7-4598-80DA-408935342586}
	EndGlobalSection
EndGlobal
